{
  "name": "npm",
  "version": "1.0.0",
  "lockfileVersion": 1,
  "requires": true,
  "dependencies": {
    "coolui-scroller": {
      "version": "3.1.2",
      "resolved": "https://registry.npmmirror.com/coolui-scroller/-/coolui-scroller-3.1.2.tgz",
      "integrity": "sha512-jT4hpExHopUnqzdyIDg4KZvF90QM+PJh3ZQQ7VPM5ZJE0kJ7s6GJgxmNHNnJ6UCPno/ZeIeVy49lde7tWMFTkA=="
    }
  }
}
